{"1.1.0",
[{<<"goldrush">>,{pkg,<<"goldrush">>,<<"0.1.9">>},1},
 {<<"lager">>,{pkg,<<"lager">>,<<"3.6.8">>},0},
 {<<"rocksdb">>,{pkg,<<"rocksdb">>,<<"1.0.0">>},0}]}.
[
{pkg_hash,[
 {<<"goldrush">>, <<"F06E5D5F1277DA5C413E84D5A2924174182FB108DABB39D5EC548B27424CD106">>},
 {<<"lager">>, <<"897EFC7679BB82383448646C96768CDC4E747464DD18B999C7AACA485686B0DA">>},
 {<<"rocksdb">>, <<"887399657F50CBDB2C680051B0CDC9435BAF96BD1193CA3C868A7217670567E5">>}]}
].
